
Microsoft Visual Studio Solution File, Format Version 12.00
# Visual Studio 2013
VisualStudioVersion = 12.0.31101.0
MinimumVisualStudioVersion = 10.0.40219.1
Project("{FAE04EC0-301F-11D3-BF4B-00C04F79EFBC}") = "RoofTop.Web", "RoofTop.Web\RoofTop.Web.csproj", "{3D7A14E1-15E2-4DAF-8D75-EA29EF7CBBFD}"
EndProject
Project("{FAE04EC0-301F-11D3-BF4B-00C04F79EFBC}") = "RoofTop.Core", "RoofTop.Core\RoofTop.Core.csproj", "{B8F85E7A-BDDD-4C22-828C-86D5EE89CE9A}"
EndProject
Project("{FAE04EC0-301F-11D3-BF4B-00C04F79EFBC}") = "RoofTop.Infrastructure", "RoofTop.Infrastructure\RoofTop.Infrastructure.csproj", "{DE9222FC-FD9F-47D3-96B8-21B6F7AAE22D}"
EndProject
Project("{FAE04EC0-301F-11D3-BF4B-00C04F79EFBC}") = "RoofTop.Test", "RoofTop.Test\RoofTop.Test.csproj", "{69AC7EFD-60D0-46E9-A879-2571920E9E42}"
EndProject
Global
	GlobalSection(SolutionConfigurationPlatforms) = preSolution
		Debug|Any CPU = Debug|Any CPU
		Release|Any CPU = Release|Any CPU
	EndGlobalSection
	GlobalSection(ProjectConfigurationPlatforms) = postSolution
		{3D7A14E1-15E2-4DAF-8D75-EA29EF7CBBFD}.Debug|Any CPU.ActiveCfg = Debug|Any CPU
		{3D7A14E1-15E2-4DAF-8D75-EA29EF7CBBFD}.Debug|Any CPU.Build.0 = Debug|Any CPU
		{3D7A14E1-15E2-4DAF-8D75-EA29EF7CBBFD}.Release|Any CPU.ActiveCfg = Release|Any CPU
		{3D7A14E1-15E2-4DAF-8D75-EA29EF7CBBFD}.Release|Any CPU.Build.0 = Release|Any CPU
		{B8F85E7A-BDDD-4C22-828C-86D5EE89CE9A}.Debug|Any CPU.ActiveCfg = Debug|Any CPU
		{B8F85E7A-BDDD-4C22-828C-86D5EE89CE9A}.Debug|Any CPU.Build.0 = Debug|Any CPU
		{B8F85E7A-BDDD-4C22-828C-86D5EE89CE9A}.Release|Any CPU.ActiveCfg = Release|Any CPU
		{B8F85E7A-BDDD-4C22-828C-86D5EE89CE9A}.Release|Any CPU.Build.0 = Release|Any CPU
		{DE9222FC-FD9F-47D3-96B8-21B6F7AAE22D}.Debug|Any CPU.ActiveCfg = Debug|Any CPU
		{DE9222FC-FD9F-47D3-96B8-21B6F7AAE22D}.Debug|Any CPU.Build.0 = Debug|Any CPU
		{DE9222FC-FD9F-47D3-96B8-21B6F7AAE22D}.Release|Any CPU.ActiveCfg = Release|Any CPU
		{DE9222FC-FD9F-47D3-96B8-21B6F7AAE22D}.Release|Any CPU.Build.0 = Release|Any CPU
		{69AC7EFD-60D0-46E9-A879-2571920E9E42}.Debug|Any CPU.ActiveCfg = Debug|Any CPU
		{69AC7EFD-60D0-46E9-A879-2571920E9E42}.Debug|Any CPU.Build.0 = Debug|Any CPU
		{69AC7EFD-60D0-46E9-A879-2571920E9E42}.Release|Any CPU.ActiveCfg = Release|Any CPU
		{69AC7EFD-60D0-46E9-A879-2571920E9E42}.Release|Any CPU.Build.0 = Release|Any CPU
	EndGlobalSection
	GlobalSection(SolutionProperties) = preSolution
		HideSolutionNode = FALSE
	EndGlobalSection
EndGlobal
